
Microsoft Visual Studio Solution File, Format Version 12.00
# Visual Studio Version 17
VisualStudioVersion = 17.14.36915.13
MinimumVisualStudioVersion = 10.0.40219.1
Project("{FAE04EC0-301F-11D3-BF4B-00C04F79EFBC}") = "Pr14", "Pr14.csproj", "{BFDC352D-7B27-47C7-A70A-4FBD3C5EB1AD}"
EndProject
Project("{FAE04EC0-301F-11D3-BF4B-00C04F79EFBC}") = "CinemaUnitTestProject", "UnitTestProject\CinemaUnitTestProject.csproj", "{27A70DE4-7A83-4781-BAF7-ABAE758E862F}"
EndProject
Global
	GlobalSection(SolutionConfigurationPlatforms) = preSolution
		Debug|Any CPU = Debug|Any CPU
		Release|Any CPU = Release|Any CPU
	EndGlobalSection
	GlobalSection(ProjectConfigurationPlatforms) = postSolution
		{BFDC352D-7B27-47C7-A70A-4FBD3C5EB1AD}.Debug|Any CPU.ActiveCfg = Debug|Any CPU
		{BFDC352D-7B27-47C7-A70A-4FBD3C5EB1AD}.Debug|Any CPU.Build.0 = Debug|Any CPU
		{BFDC352D-7B27-47C7-A70A-4FBD3C5EB1AD}.Release|Any CPU.ActiveCfg = Release|Any CPU
		{BFDC352D-7B27-47C7-A70A-4FBD3C5EB1AD}.Release|Any CPU.Build.0 = Release|Any CPU
		{27A70DE4-7A83-4781-BAF7-ABAE758E862F}.Debug|Any CPU.ActiveCfg = Debug|Any CPU
		{27A70DE4-7A83-4781-BAF7-ABAE758E862F}.Debug|Any CPU.Build.0 = Debug|Any CPU
		{27A70DE4-7A83-4781-BAF7-ABAE758E862F}.Release|Any CPU.ActiveCfg = Release|Any CPU
		{27A70DE4-7A83-4781-BAF7-ABAE758E862F}.Release|Any CPU.Build.0 = Release|Any CPU
	EndGlobalSection
	GlobalSection(SolutionProperties) = preSolution
		HideSolutionNode = FALSE
	EndGlobalSection
	GlobalSection(ExtensibilityGlobals) = postSolution
		SolutionGuid = {3FD2A5EF-B9E3-497E-A451-0668AA27CC84}
	EndGlobalSection
EndGlobal
